
Microsoft Visual Studio Solution File, Format Version 11.00
# Visual Studio 2010
Project("{FAE04EC0-301F-11D3-BF4B-00C04F79EFBC}") = "RoleRequest", "RoleRequest\RoleRequest.csproj", "{2025E83C-B7A5-4558-8569-B3C0717D2F4B}"
EndProject
Global
	GlobalSection(SolutionConfigurationPlatforms) = preSolution
		Debug|Any CPU = Debug|Any CPU
		Release|Any CPU = Release|Any CPU
	EndGlobalSection
	GlobalSection(ProjectConfigurationPlatforms) = postSolution
		{2025E83C-B7A5-4558-8569-B3C0717D2F4B}.Debug|Any CPU.ActiveCfg = Debug|Any CPU
		{2025E83C-B7A5-4558-8569-B3C0717D2F4B}.Debug|Any CPU.Build.0 = Debug|Any CPU
		{2025E83C-B7A5-4558-8569-B3C0717D2F4B}.Release|Any CPU.ActiveCfg = Release|Any CPU
		{2025E83C-B7A5-4558-8569-B3C0717D2F4B}.Release|Any CPU.Build.0 = Release|Any CPU
	EndGlobalSection
	GlobalSection(SolutionProperties) = preSolution
		HideSolutionNode = FALSE
	EndGlobalSection
EndGlobal
